
Microsoft Visual Studio Solution File, Format Version 12.00
# Visual Studio Version 17
VisualStudioVersion = 17.1.32421.90
MinimumVisualStudioVersion = 10.0.40219.1
Project("{FAE04EC0-301F-11D3-BF4B-00C04F79EFBC}") = "Catalog", "Catalog.csproj", "{38481388-6854-499E-B707-220E69DEEAD4}"
EndProject
Global
	GlobalSection(SolutionConfigurationPlatforms) = preSolution
		Debug|Any CPU = Debug|Any CPU
		Release|Any CPU = Release|Any CPU
	EndGlobalSection
	GlobalSection(ProjectConfigurationPlatforms) = postSolution
		{38481388-6854-499E-B707-220E69DEEAD4}.Debug|Any CPU.ActiveCfg = Debug|Any CPU
		{38481388-6854-499E-B707-220E69DEEAD4}.Debug|Any CPU.Build.0 = Debug|Any CPU
		{38481388-6854-499E-B707-220E69DEEAD4}.Release|Any CPU.ActiveCfg = Release|Any CPU
		{38481388-6854-499E-B707-220E69DEEAD4}.Release|Any CPU.Build.0 = Release|Any CPU
	EndGlobalSection
	GlobalSection(SolutionProperties) = preSolution
		HideSolutionNode = FALSE
	EndGlobalSection
	GlobalSection(ExtensibilityGlobals) = postSolution
		SolutionGuid = {CC748DD3-5E28-468D-BC09-54FC6B0DC537}
	EndGlobalSection
EndGlobal
